
Microsoft Visual Studio Solution File, Format Version 12.00
# Visual Studio Version 16
VisualStudioVersion = 16.0.31205.134
MinimumVisualStudioVersion = 10.0.40219.1
Project("{9A19103F-16F7-4668-BE54-9A1E7A4F7556}") = "DesktopMagic", "DesktopMagic\DesktopMagic.csproj", "{B56B4CCC-CF92-4C05-9DEA-57666D81889A}"
	ProjectSection(ProjectDependencies) = postProject
		{A06BD685-7F92-4799-846B-3EC38345108E} = {A06BD685-7F92-4799-846B-3EC38345108E}
	EndProjectSection
EndProject
Project("{9A19103F-16F7-4668-BE54-9A1E7A4F7556}") = "DesktopMagicPluginAPI", "DesktopMagicPluginAPI\DesktopMagicPluginAPI.csproj", "{9D193A10-3E8E-447F-89F1-4B316C2EE37D}"
EndProject
Project("{9A19103F-16F7-4668-BE54-9A1E7A4F7556}") = "DesktopMagicPlugin.Test", "DesktopMagicPlugin.Test\DesktopMagicPlugin.Test.csproj", "{EF8407AB-28AE-4B5E-AC2E-D4C4A575FBC7}"
EndProject
Project("{FAE04EC0-301F-11D3-BF4B-00C04F79EFBC}") = "DesktopMagic.Installer", "DesktopMagic.Installer\DesktopMagic.Installer.csproj", "{A06BD685-7F92-4799-846B-3EC38345108E}"
EndProject
Global
	GlobalSection(SolutionConfigurationPlatforms) = preSolution
		Debug|Any CPU = Debug|Any CPU
		Release|Any CPU = Release|Any CPU
	EndGlobalSection
	GlobalSection(ProjectConfigurationPlatforms) = postSolution
		{B56B4CCC-CF92-4C05-9DEA-57666D81889A}.Debug|Any CPU.ActiveCfg = Debug|Any CPU
		{B56B4CCC-CF92-4C05-9DEA-57666D81889A}.Debug|Any CPU.Build.0 = Debug|Any CPU
		{B56B4CCC-CF92-4C05-9DEA-57666D81889A}.Release|Any CPU.ActiveCfg = Release|Any CPU
		{B56B4CCC-CF92-4C05-9DEA-57666D81889A}.Release|Any CPU.Build.0 = Release|Any CPU
		{9D193A10-3E8E-447F-89F1-4B316C2EE37D}.Debug|Any CPU.ActiveCfg = Debug|Any CPU
		{9D193A10-3E8E-447F-89F1-4B316C2EE37D}.Debug|Any CPU.Build.0 = Debug|Any CPU
		{9D193A10-3E8E-447F-89F1-4B316C2EE37D}.Release|Any CPU.ActiveCfg = Release|Any CPU
		{9D193A10-3E8E-447F-89F1-4B316C2EE37D}.Release|Any CPU.Build.0 = Release|Any CPU
		{EF8407AB-28AE-4B5E-AC2E-D4C4A575FBC7}.Debug|Any CPU.ActiveCfg = Debug|Any CPU
		{EF8407AB-28AE-4B5E-AC2E-D4C4A575FBC7}.Debug|Any CPU.Build.0 = Debug|Any CPU
		{EF8407AB-28AE-4B5E-AC2E-D4C4A575FBC7}.Release|Any CPU.ActiveCfg = Release|Any CPU
		{EF8407AB-28AE-4B5E-AC2E-D4C4A575FBC7}.Release|Any CPU.Build.0 = Release|Any CPU
		{A06BD685-7F92-4799-846B-3EC38345108E}.Debug|Any CPU.ActiveCfg = Debug|Any CPU
		{A06BD685-7F92-4799-846B-3EC38345108E}.Debug|Any CPU.Build.0 = Debug|Any CPU
		{A06BD685-7F92-4799-846B-3EC38345108E}.Release|Any CPU.ActiveCfg = Release|Any CPU
		{A06BD685-7F92-4799-846B-3EC38345108E}.Release|Any CPU.Build.0 = Release|Any CPU
	EndGlobalSection
	GlobalSection(SolutionProperties) = preSolution
		HideSolutionNode = FALSE
	EndGlobalSection
	GlobalSection(ExtensibilityGlobals) = postSolution
		SolutionGuid = {12E0A9C6-7585-4D87-9B7D-EB73E187BC05}
	EndGlobalSection
EndGlobal
